
Microsoft Visual Studio Solution File, Format Version 12.00
# Visual Studio Version 16
VisualStudioVersion = 16.0.30517.126
MinimumVisualStudioVersion = 10.0.40219.1
Project("{FAE04EC0-301F-11D3-BF4B-00C04F79EFBC}") = "SnakeOOP", "SnakeOOP\SnakeOOP.csproj", "{326178C1-DB4B-4E01-95C2-CB69747C22EB}"
EndProject
Global
	GlobalSection(SolutionConfigurationPlatforms) = preSolution
		Debug|Any CPU = Debug|Any CPU
		Release|Any CPU = Release|Any CPU
	EndGlobalSection
	GlobalSection(ProjectConfigurationPlatforms) = postSolution
		{326178C1-DB4B-4E01-95C2-CB69747C22EB}.Debug|Any CPU.ActiveCfg = Debug|Any CPU
		{326178C1-DB4B-4E01-95C2-CB69747C22EB}.Debug|Any CPU.Build.0 = Debug|Any CPU
		{326178C1-DB4B-4E01-95C2-CB69747C22EB}.Release|Any CPU.ActiveCfg = Release|Any CPU
		{326178C1-DB4B-4E01-95C2-CB69747C22EB}.Release|Any CPU.Build.0 = Release|Any CPU
	EndGlobalSection
	GlobalSection(SolutionProperties) = preSolution
		HideSolutionNode = FALSE
	EndGlobalSection
	GlobalSection(ExtensibilityGlobals) = postSolution
		SolutionGuid = {D0966F43-4437-41A8-8D40-1845C471DF41}
	EndGlobalSection
EndGlobal
